
Microsoft Visual Studio Solution File, Format Version 12.00
# Visual Studio 15
VisualStudioVersion = 15.0.28307.168
MinimumVisualStudioVersion = 10.0.40219.1
Project("{FAE04EC0-301F-11D3-BF4B-00C04F79EFBC}") = "AutoTamQuocChi", "AutoTamQuocChi\AutoTamQuocChi.csproj", "{B26F6E29-617D-4811-AA46-D380A0A261E2}"
EndProject
Global
	GlobalSection(SolutionConfigurationPlatforms) = preSolution
		Debug|Any CPU = Debug|Any CPU
		Release|Any CPU = Release|Any CPU
	EndGlobalSection
	GlobalSection(ProjectConfigurationPlatforms) = postSolution
		{B26F6E29-617D-4811-AA46-D380A0A261E2}.Debug|Any CPU.ActiveCfg = Debug|Any CPU
		{B26F6E29-617D-4811-AA46-D380A0A261E2}.Debug|Any CPU.Build.0 = Debug|Any CPU
		{B26F6E29-617D-4811-AA46-D380A0A261E2}.Release|Any CPU.ActiveCfg = Release|Any CPU
		{B26F6E29-617D-4811-AA46-D380A0A261E2}.Release|Any CPU.Build.0 = Release|Any CPU
	EndGlobalSection
	GlobalSection(SolutionProperties) = preSolution
		HideSolutionNode = FALSE
	EndGlobalSection
	GlobalSection(ExtensibilityGlobals) = postSolution
		SolutionGuid = {674DDE9A-EE2B-46DF-A620-9F3D1270B99D}
	EndGlobalSection
EndGlobal
